
Microsoft Visual Studio Solution File, Format Version 12.00
# Visual Studio 2012
Project("{8BC9CEB8-8B4A-11D0-8D11-00A0C91BC942}") = "Graphs", "Graphs\Graphs.vcxproj", "{89E26F31-E4FD-412A-9347-092D9F958F12}"
EndProject
Global
	GlobalSection(SolutionConfigurationPlatforms) = preSolution
		Debug|Win32 = Debug|Win32
		Release|Win32 = Release|Win32
	EndGlobalSection
	GlobalSection(ProjectConfigurationPlatforms) = postSolution
		{89E26F31-E4FD-412A-9347-092D9F958F12}.Debug|Win32.ActiveCfg = Debug|Win32
		{89E26F31-E4FD-412A-9347-092D9F958F12}.Debug|Win32.Build.0 = Debug|Win32
		{89E26F31-E4FD-412A-9347-092D9F958F12}.Debug|Win32.Deploy.0 = Debug|Win32
		{89E26F31-E4FD-412A-9347-092D9F958F12}.Release|Win32.ActiveCfg = Release|Win32
		{89E26F31-E4FD-412A-9347-092D9F958F12}.Release|Win32.Build.0 = Release|Win32
		{89E26F31-E4FD-412A-9347-092D9F958F12}.Release|Win32.Deploy.0 = Release|Win32
	EndGlobalSection
	GlobalSection(SolutionProperties) = preSolution
		HideSolutionNode = FALSE
	EndGlobalSection
EndGlobal
